{
  "version": 4,
  "terraform_version": "1.15.5",
  "serial": 45,
  "lineage": "02e3446b-480c-baa4-6238-fb933c9d106f",
  "outputs": {
    "alloydb_clusters": {
      "value": [
        "tf-alloydb-cluster"
      ],
      "type": [
        "tuple",
        [
          "string"
        ]
      ]
    },
    "bigtable_instances": {
      "value": [
        "tf-bigtable"
      ],
      "type": [
        "tuple",
        [
          "string"
        ]
      ]
    },
    "dataproc_clusters": {
      "value": [
        "tf-dataproc-cluster"
      ],
      "type": [
        "tuple",
        [
          "string"
        ]
      ]
    },
    "sql_instances": {
      "value": [
        "tf-postgres-instance"
      ],
      "type": [
        "tuple",
        [
          "string"
        ]
      ]
    },
    "workflows": {
      "value": [
        "tf-data-pipeline"
      ],
      "type": [
        "tuple",
        [
          "string"
        ]
      ]
    }
  },
  "resources": [
    {
      "mode": "managed",
      "type": "google_alloydb_cluster",
      "name": "tf_cluster",
      "provider": "provider[\"registry.terraform.io/hashicorp/google\"]",
      "instances": [
        {
          "schema_version": 0,
          "attributes": {
            "annotations": null,
            "automated_backup_policy": [],
            "backup_source": [],
            "backupdr_backup_source": [],
            "cluster_id": "tf-alloydb-cluster",
            "cluster_type": "",
            "continuous_backup_config": [],
            "continuous_backup_info": [],
            "database_version": "",
            "dataplex_config": [
              {
                "enabled": false
              }
            ],
            "deletion_policy": "DEFAULT",
            "deletion_protection": true,
            "display_name": "tf-alloydb-cluster",
            "effective_annotations": {},
            "effective_labels": {},
            "encryption_config": [],
            "encryption_info": [],
            "etag": "",
            "id": "projects/tf-local-project/locations/us-west1/clusters/tf-alloydb-cluster",
            "initial_user": [
              {
                "password": "dev-password",
                "password_wo": null,
                "password_wo_version": "",
                "user": "postgres"
              }
            ],
            "labels": {},
            "location": "us-west1",
            "maintenance_update_policy": [],
            "migration_source": [],
            "name": "projects/tf-local-project/locations/us-west1/clusters/tf-alloydb-cluster",
            "network_config": [],
            "project": "tf-local-project",
            "psc_config": [],
            "reconciling": false,
            "restore_backup_source": [],
            "restore_backupdr_backup_source": [],
            "restore_backupdr_pitr_source": [],
            "restore_continuous_backup_source": [],
            "secondary_config": [],
            "skip_await_major_version_upgrade": true,
            "state": "READY",
            "subscription_type": "",
            "terraform_labels": {},
            "timeouts": null,
            "trial_metadata": [],
            "uid": "43fea36a-fe43-4014-9eb7-d0af8b881f81"
          },
          "sensitive_attributes": [
            [
              {
                "type": "get_attr",
                "value": "initial_user"
              },
              {
                "type": "index",
                "value": {
                  "value": 0,
                  "type": "number"
                }
              },
              {
                "type": "get_attr",
                "value": "password"
              }
            ]
          ],
          "identity_schema_version": 1,
          "identity": {
            "cluster_id": "tf-alloydb-cluster",
            "location": "us-west1",
            "project": "tf-local-project"
          },
          "private": "eyJlMmJmYjczMC1lY2FhLTExZTYtOGY4OC0zNDM2M2JjN2M0YzAiOnsiY3JlYXRlIjo3MjAwMDAwMDAwMDAwLCJkZWxldGUiOjcyMDAwMDAwMDAwMDAsInVwZGF0ZSI6NzIwMDAwMDAwMDAwMH19"
        }
      ]
    },
    {
      "mode": "managed",
      "type": "google_bigtable_instance",
      "name": "tf_btable",
      "provider": "provider[\"registry.terraform.io/hashicorp/google\"]",
      "instances": [
        {
          "schema_version": 1,
          "attributes": {
            "cluster": [
              {
                "autoscaling_config": [],
                "cluster_id": "tf-btable-cluster",
                "kms_key_name": "",
                "node_scaling_factor": "NodeScalingFactor1X",
                "num_nodes": 1,
                "state": "READY",
                "storage_type": "SSD",
                "zone": "us-west1-a"
              }
            ],
            "deletion_policy": "DELETE",
            "deletion_protection": false,
            "display_name": "tf-bigtable",
            "edition": "ENTERPRISE",
            "effective_labels": {
              "goog-terraform-provisioned": "true",
              "managed_by": "terraform"
            },
            "force_destroy": false,
            "id": "projects/tf-local-project/instances/tf-bigtable",
            "instance_type": "PRODUCTION",
            "labels": {
              "managed_by": "terraform"
            },
            "name": "tf-bigtable",
            "project": "tf-local-project",
            "tags": null,
            "terraform_labels": {
              "goog-terraform-provisioned": "true",
              "managed_by": "terraform"
            },
            "timeouts": null
          },
          "sensitive_attributes": [],
          "identity_schema_version": 0,
          "private": "eyJlMmJmYjczMC1lY2FhLTExZTYtOGY4OC0zNDM2M2JjN2M0YzAiOnsiY3JlYXRlIjozNjAwMDAwMDAwMDAwLCJyZWFkIjozNjAwMDAwMDAwMDAwLCJ1cGRhdGUiOjM2MDAwMDAwMDAwMDB9LCJzY2hlbWFfdmVyc2lvbiI6IjEifQ=="
        }
      ]
    },
    {
      "mode": "managed",
      "type": "google_bigtable_table",
      "name": "events",
      "provider": "provider[\"registry.terraform.io/hashicorp/google\"]",
      "instances": [
        {
          "schema_version": 0,
          "attributes": {
            "automated_backup_policy": [],
            "change_stream_retention": null,
            "column_family": [],
            "deletion_policy": "DELETE",
            "deletion_protection": "UNPROTECTED",
            "id": "projects/tf-local-project/instances/tf-bigtable/tables/events",
            "instance_name": "tf-bigtable",
            "name": "events",
            "project": "tf-local-project",
            "row_key_schema": "",
            "split_keys": null,
            "timeouts": null
          },
          "sensitive_attributes": [],
          "identity_schema_version": 0,
          "private": "eyJlMmJmYjczMC1lY2FhLTExZTYtOGY4OC0zNDM2M2JjN2M0YzAiOnsiY3JlYXRlIjoyNzAwMDAwMDAwMDAwLCJ1cGRhdGUiOjEyMDAwMDAwMDAwMDB9fQ==",
          "dependencies": [
            "google_bigtable_instance.tf_btable"
          ]
        }
      ]
    },
    {
      "mode": "managed",
      "type": "google_cloud_scheduler_job",
      "name": "tf_daily_report",
      "provider": "provider[\"registry.terraform.io/hashicorp/google\"]",
      "instances": [
        {
          "schema_version": 0,
          "attributes": {
            "app_engine_http_target": [],
            "attempt_deadline": "",
            "deletion_policy": "DELETE",
            "description": "",
            "http_target": [
              {
                "body": "",
                "headers": null,
                "http_method": "POST",
                "oauth_token": [],
                "oidc_token": [],
                "uri": "https://example.com/daily-report"
              }
            ],
            "id": "projects/tf-local-project/locations/us-west1/jobs/tf-daily-report",
            "name": "tf-daily-report",
            "paused": false,
            "project": "tf-local-project",
            "pubsub_target": [],
            "region": "us-west1",
            "retry_config": [
              {
                "max_backoff_duration": "",
                "max_doublings": 5,
                "max_retry_duration": "",
                "min_backoff_duration": "",
                "retry_count": 0
              }
            ],
            "schedule": "0 9 * * *",
            "state": "ENABLED",
            "time_zone": "America/New_York",
            "timeouts": null
          },
          "sensitive_attributes": [],
          "identity_schema_version": 1,
          "identity": {
            "name": "tf-daily-report",
            "project": "tf-local-project",
            "region": "us-west1"
          },
          "private": "eyJlMmJmYjczMC1lY2FhLTExZTYtOGY4OC0zNDM2M2JjN2M0YzAiOnsiY3JlYXRlIjoxMjAwMDAwMDAwMDAwLCJkZWxldGUiOjEyMDAwMDAwMDAwMDAsInVwZGF0ZSI6MTIwMDAwMDAwMDAwMH19"
        }
      ]
    },
    {
      "mode": "managed",
      "type": "google_cloud_tasks_queue",
      "name": "email_queue",
      "provider": "provider[\"registry.terraform.io/hashicorp/google\"]",
      "instances": [
        {
          "schema_version": 0,
          "attributes": {
            "app_engine_routing_override": [],
            "deletion_policy": "DELETE",
            "desired_state": "RUNNING",
            "http_target": [],
            "id": "projects/tf-local-project/locations/us-west1/queues/tf-email-queue",
            "location": "us-west1",
            "name": "tf-email-queue",
            "project": "tf-local-project",
            "rate_limits": [],
            "retry_config": [],
            "stackdriver_logging_config": [],
            "state": "RUNNING",
            "timeouts": null
          },
          "sensitive_attributes": [],
          "identity_schema_version": 1,
          "identity": {
            "location": "us-west1",
            "name": "tf-email-queue",
            "project": "tf-local-project"
          },
          "private": "eyJlMmJmYjczMC1lY2FhLTExZTYtOGY4OC0zNDM2M2JjN2M0YzAiOnsiY3JlYXRlIjoxMjAwMDAwMDAwMDAwLCJkZWxldGUiOjEyMDAwMDAwMDAwMDAsInVwZGF0ZSI6MTIwMDAwMDAwMDAwMH19"
        }
      ]
    },
    {
      "mode": "managed",
      "type": "google_cloudfunctions2_function",
      "name": "tf_hello",
      "provider": "provider[\"registry.terraform.io/hashicorp/google\"]",
      "instances": [
        {
          "schema_version": 0,
          "attributes": {
            "build_config": [],
            "deletion_policy": "DELETE",
            "description": "",
            "effective_labels": {},
            "environment": "",
            "event_trigger": [],
            "id": "projects/tf-local-project/locations/us-west1/functions/tf-hello-function",
            "kms_key_name": "",
            "labels": {},
            "location": "us-west1",
            "name": "tf-hello-function",
            "project": "tf-local-project",
            "service_config": [],
            "state": "ACTIVE",
            "terraform_labels": {},
            "timeouts": null,
            "update_time": "",
            "url": ""
          },
          "sensitive_attributes": [],
          "identity_schema_version": 1,
          "identity": {
            "location": "us-west1",
            "name": "tf-hello-function",
            "project": "tf-local-project"
          },
          "private": "eyJlMmJmYjczMC1lY2FhLTExZTYtOGY4OC0zNDM2M2JjN2M0YzAiOnsiY3JlYXRlIjozNjAwMDAwMDAwMDAwLCJkZWxldGUiOjM2MDAwMDAwMDAwMDAsInVwZGF0ZSI6MzYwMDAwMDAwMDAwMH19"
        }
      ]
    },
    {
      "mode": "managed",
      "type": "google_dataproc_cluster",
      "name": "tf_cluster",
      "provider": "provider[\"registry.terraform.io/hashicorp/google\"]",
      "instances": [
        {
          "schema_version": 1,
          "attributes": {
            "cluster_config": [],
            "deletion_policy": "DELETE",
            "effective_labels": {},
            "graceful_decommission_timeout": "0s",
            "id": "projects/tf-local-project/regions/us-west1/clusters/tf-dataproc-cluster",
            "labels": {},
            "name": "tf-dataproc-cluster",
            "project": "tf-local-project",
            "region": "us-west1",
            "terraform_labels": {},
            "timeouts": null,
            "virtual_cluster_config": []
          },
          "sensitive_attributes": [],
          "identity_schema_version": 0,
          "private": "eyJlMmJmYjczMC1lY2FhLTExZTYtOGY4OC0zNDM2M2JjN2M0YzAiOnsiY3JlYXRlIjoyNzAwMDAwMDAwMDAwLCJkZWxldGUiOjI3MDAwMDAwMDAwMDAsInVwZGF0ZSI6MjcwMDAwMDAwMDAwMH0sInNjaGVtYV92ZXJzaW9uIjoiMSJ9"
        }
      ]
    },
    {
      "mode": "managed",
      "type": "google_project",
      "name": "tf_project",
      "provider": "provider[\"registry.terraform.io/hashicorp/google\"]",
      "instances": [
        {
          "schema_version": 1,
          "attributes": {
            "auto_create_network": true,
            "billing_account": "000000-AAAAAA-BBBBBB",
            "deletion_policy": "DELETE",
            "effective_labels": {
              "managed_by": "terraform"
            },
            "folder_id": "",
            "id": "projects/tf-local-project",
            "labels": {
              "env": "",
              "managed_by": "terraform"
            },
            "name": "tf-local-project",
            "number": "1001911045476",
            "org_id": "0",
            "project_id": "tf-local-project",
            "tags": null,
            "terraform_labels": {
              "env": "",
              "goog-terraform-provisioned": "",
              "managed_by": "terraform"
            },
            "timeouts": null
          },
          "sensitive_attributes": [],
          "identity_schema_version": 0,
          "private": "eyJlMmJmYjczMC1lY2FhLTExZTYtOGY4OC0zNDM2M2JjN2M0YzAiOnsiY3JlYXRlIjo2MDAwMDAwMDAwMDAsImRlbGV0ZSI6NjAwMDAwMDAwMDAwLCJyZWFkIjo2MDAwMDAwMDAwMDAsInVwZGF0ZSI6NjAwMDAwMDAwMDAwfSwic2NoZW1hX3ZlcnNpb24iOiIxIn0="
        }
      ]
    },
    {
      "mode": "managed",
      "type": "google_pubsub_subscription",
      "name": "events_worker",
      "provider": "provider[\"registry.terraform.io/hashicorp/google\"]",
      "instances": [
        {
          "schema_version": 0,
          "attributes": {
            "ack_deadline_seconds": 20,
            "bigquery_config": [],
            "cloud_storage_config": [],
            "dead_letter_policy": [],
            "deletion_policy": "DELETE",
            "effective_labels": {},
            "enable_exactly_once_delivery": false,
            "enable_message_ordering": false,
            "expiration_policy": [],
            "filter": "",
            "id": "projects/tf-local-project/subscriptions/tf-events-worker",
            "labels": null,
            "message_retention_duration": "",
            "message_transforms": [],
            "name": "tf-events-worker",
            "project": "tf-local-project",
            "push_config": [],
            "retain_acked_messages": false,
            "retry_policy": [],
            "tags": null,
            "terraform_labels": {},
            "timeouts": null,
            "topic": "projects/tf-local-project/topics/tf-events"
          },
          "sensitive_attributes": [],
          "identity_schema_version": 1,
          "identity": {
            "name": "tf-events-worker",
            "project": "tf-local-project"
          },
          "private": "eyJlMmJmYjczMC1lY2FhLTExZTYtOGY4OC0zNDM2M2JjN2M0YzAiOnsiY3JlYXRlIjoxMjAwMDAwMDAwMDAwLCJkZWxldGUiOjEyMDAwMDAwMDAwMDAsInVwZGF0ZSI6MTIwMDAwMDAwMDAwMH19",
          "dependencies": [
            "google_pubsub_topic.events"
          ]
        }
      ]
    },
    {
      "mode": "managed",
      "type": "google_pubsub_topic",
      "name": "events",
      "provider": "provider[\"registry.terraform.io/hashicorp/google\"]",
      "instances": [
        {
          "schema_version": 0,
          "attributes": {
            "deletion_policy": "DELETE",
            "effective_labels": {},
            "id": "projects/tf-local-project/topics/tf-events",
            "ingestion_data_source_settings": [],
            "kms_key_name": "",
            "labels": {},
            "message_retention_duration": "",
            "message_storage_policy": [],
            "message_transforms": [],
            "name": "tf-events",
            "project": "tf-local-project",
            "schema_settings": [],
            "tags": null,
            "terraform_labels": {},
            "timeouts": null
          },
          "sensitive_attributes": [],
          "identity_schema_version": 1,
          "identity": {
            "name": "tf-events",
            "project": "tf-local-project"
          },
          "private": "eyJlMmJmYjczMC1lY2FhLTExZTYtOGY4OC0zNDM2M2JjN2M0YzAiOnsiY3JlYXRlIjoxMjAwMDAwMDAwMDAwLCJkZWxldGUiOjEyMDAwMDAwMDAwMDAsInVwZGF0ZSI6MTIwMDAwMDAwMDAwMH19"
        }
      ]
    },
    {
      "mode": "managed",
      "type": "google_pubsub_topic",
      "name": "notifications",
      "provider": "provider[\"registry.terraform.io/hashicorp/google\"]",
      "instances": [
        {
          "schema_version": 0,
          "attributes": {
            "deletion_policy": "DELETE",
            "effective_labels": {},
            "id": "projects/tf-local-project/topics/tf-notifications",
            "ingestion_data_source_settings": [],
            "kms_key_name": "",
            "labels": null,
            "message_retention_duration": "",
            "message_storage_policy": [],
            "message_transforms": [],
            "name": "tf-notifications",
            "project": "tf-local-project",
            "schema_settings": [],
            "tags": null,
            "terraform_labels": {},
            "timeouts": null
          },
          "sensitive_attributes": [],
          "identity_schema_version": 1,
          "identity": {
            "name": "tf-notifications",
            "project": "tf-local-project"
          },
          "private": "eyJlMmJmYjczMC1lY2FhLTExZTYtOGY4OC0zNDM2M2JjN2M0YzAiOnsiY3JlYXRlIjoxMjAwMDAwMDAwMDAwLCJkZWxldGUiOjEyMDAwMDAwMDAwMDAsInVwZGF0ZSI6MTIwMDAwMDAwMDAwMH19"
        }
      ]
    },
    {
      "mode": "managed",
      "type": "google_redis_instance",
      "name": "cache",
      "provider": "provider[\"registry.terraform.io/hashicorp/google\"]",
      "instances": [
        {
          "schema_version": 0,
          "attributes": {
            "alternative_location_id": "",
            "auth_enabled": false,
            "auth_string": "",
            "authorized_network": "",
            "connect_mode": "",
            "create_time": "",
            "current_location_id": "",
            "customer_managed_key": "",
            "deletion_policy": "DELETE",
            "deletion_protection": null,
            "display_name": "tf-cache",
            "effective_labels": {},
            "effective_reserved_ip_range": "",
            "host": "localhost",
            "id": "projects/tf-local-project/locations/us-west1/instances/tf-cache",
            "labels": {},
            "location_id": "",
            "maintenance_policy": [],
            "maintenance_schedule": [],
            "maintenance_version": "",
            "memory_size_gb": 1,
            "name": "tf-cache",
            "nodes": [],
            "persistence_config": [],
            "persistence_iam_identity": "",
            "port": 6379,
            "project": "tf-local-project",
            "read_endpoint": "",
            "read_endpoint_port": 0,
            "read_replicas_mode": "",
            "redis_configs": null,
            "redis_version": "REDIS_7_0",
            "region": "us-west1",
            "replica_count": 0,
            "reserved_ip_range": null,
            "secondary_ip_range": "",
            "server_ca_certs": [],
            "terraform_labels": {},
            "tier": "BASIC",
            "timeouts": null,
            "transit_encryption_mode": ""
          },
          "sensitive_attributes": [
            [
              {
                "type": "get_attr",
                "value": "auth_string"
              }
            ]
          ],
          "identity_schema_version": 1,
          "identity": {
            "name": "tf-cache",
            "project": "tf-local-project",
            "region": "us-west1"
          },
          "private": "eyJlMmJmYjczMC1lY2FhLTExZTYtOGY4OC0zNDM2M2JjN2M0YzAiOnsiY3JlYXRlIjoxMjAwMDAwMDAwMDAwLCJkZWxldGUiOjEyMDAwMDAwMDAwMDAsInVwZGF0ZSI6MTIwMDAwMDAwMDAwMH19"
        }
      ]
    },
    {
      "mode": "managed",
      "type": "google_secret_manager_secret",
      "name": "api_key",
      "provider": "provider[\"registry.terraform.io/hashicorp/google\"]",
      "instances": [
        {
          "schema_version": 0,
          "attributes": {
            "annotations": {},
            "create_time": "2026-05-31 03:33:13.637306",
            "deletion_policy": "DELETE",
            "deletion_protection": false,
            "effective_annotations": {},
            "effective_labels": {},
            "expire_time": "",
            "id": "projects/tf-local-project/secrets/tf-api-key",
            "labels": {},
            "name": "projects/tf-local-project/secrets/tf-api-key",
            "project": "tf-local-project",
            "replication": [
              {
                "auto": [
                  {
                    "customer_managed_encryption": []
                  }
                ],
                "user_managed": []
              }
            ],
            "rotation": [],
            "secret_id": "tf-api-key",
            "tags": null,
            "terraform_labels": {},
            "timeouts": null,
            "topics": [],
            "ttl": null,
            "version_aliases": {},
            "version_destroy_ttl": ""
          },
          "sensitive_attributes": [],
          "identity_schema_version": 1,
          "identity": {
            "project": "tf-local-project",
            "secret_id": "tf-api-key"
          },
          "private": "eyJlMmJmYjczMC1lY2FhLTExZTYtOGY4OC0zNDM2M2JjN2M0YzAiOnsiY3JlYXRlIjoxMjAwMDAwMDAwMDAwLCJkZWxldGUiOjEyMDAwMDAwMDAwMDAsInVwZGF0ZSI6MTIwMDAwMDAwMDAwMH19"
        }
      ]
    },
    {
      "mode": "managed",
      "type": "google_secret_manager_secret_version",
      "name": "api_key_v1",
      "provider": "provider[\"registry.terraform.io/hashicorp/google\"]",
      "instances": [
        {
          "schema_version": 0,
          "attributes": {
            "create_time": "",
            "deletion_policy": "DELETE",
            "destroy_time": "",
            "enabled": true,
            "id": "projects/tf-local-project/secrets/tf-api-key/versions/2",
            "is_secret_data_base64": false,
            "name": "projects/tf-local-project/secrets/tf-api-key/versions/2",
            "project": null,
            "secret": "projects/tf-local-project/secrets/tf-api-key",
            "secret_data": "sk-localcloud-dev-12345",
            "secret_data_wo": null,
            "secret_data_wo_version": 0,
            "timeouts": null,
            "version": "2"
          },
          "sensitive_attributes": [
            [
              {
                "type": "get_attr",
                "value": "secret_data"
              }
            ]
          ],
          "identity_schema_version": 0,
          "private": "eyJlMmJmYjczMC1lY2FhLTExZTYtOGY4OC0zNDM2M2JjN2M0YzAiOnsiY3JlYXRlIjoxMjAwMDAwMDAwMDAwLCJkZWxldGUiOjEyMDAwMDAwMDAwMDAsInVwZGF0ZSI6MTIwMDAwMDAwMDAwMH19",
          "dependencies": [
            "google_secret_manager_secret.api_key"
          ]
        }
      ]
    },
    {
      "mode": "managed",
      "type": "google_spanner_database",
      "name": "tf_app_db",
      "provider": "provider[\"registry.terraform.io/hashicorp/google\"]",
      "instances": [
        {
          "schema_version": 0,
          "attributes": {
            "database_dialect": "GOOGLE_STANDARD_SQL",
            "ddl": null,
            "default_time_zone": null,
            "deletion_policy": "DELETE",
            "deletion_protection": true,
            "enable_drop_protection": false,
            "encryption_config": [],
            "id": "tf-spanner-instance/tf-app-db",
            "instance": "tf-spanner-instance",
            "name": "tf-app-db",
            "project": "tf-local-project",
            "state": "READY",
            "timeouts": null,
            "version_retention_period": ""
          },
          "sensitive_attributes": [],
          "identity_schema_version": 1,
          "identity": {
            "instance": "tf-spanner-instance",
            "name": "tf-app-db",
            "project": "tf-local-project"
          },
          "private": "eyJlMmJmYjczMC1lY2FhLTExZTYtOGY4OC0zNDM2M2JjN2M0YzAiOnsiY3JlYXRlIjoxMjAwMDAwMDAwMDAwLCJkZWxldGUiOjEyMDAwMDAwMDAwMDAsInVwZGF0ZSI6MTIwMDAwMDAwMDAwMH19",
          "dependencies": [
            "google_spanner_instance.tf_instance"
          ]
        }
      ]
    },
    {
      "mode": "managed",
      "type": "google_spanner_instance",
      "name": "tf_instance",
      "provider": "provider[\"registry.terraform.io/hashicorp/google\"]",
      "instances": [
        {
          "schema_version": 0,
          "attributes": {
            "autoscaling_config": [],
            "config": "projects/tf-local-project/instanceConfigs/regional-us-central1",
            "default_backup_schedule_type": "",
            "deletion_policy": "DELETE",
            "display_name": "Terraform Spanner Instance",
            "edition": "",
            "effective_labels": {
              "goog-terraform-provisioned": "true",
              "managed_by": "terraform"
            },
            "force_destroy": false,
            "id": "tf-local-project/tf-spanner-instance",
            "instance_type": "",
            "labels": {
              "managed_by": "terraform"
            },
            "name": "tf-spanner-instance",
            "num_nodes": 1,
            "processing_units": 1000,
            "project": "tf-local-project",
            "state": "READY",
            "terraform_labels": {
              "goog-terraform-provisioned": "true",
              "managed_by": "terraform"
            },
            "timeouts": null
          },
          "sensitive_attributes": [],
          "identity_schema_version": 1,
          "identity": {
            "name": "tf-spanner-instance",
            "project": "tf-local-project"
          },
          "private": "eyJlMmJmYjczMC1lY2FhLTExZTYtOGY4OC0zNDM2M2JjN2M0YzAiOnsiY3JlYXRlIjoxMjAwMDAwMDAwMDAwLCJkZWxldGUiOjEyMDAwMDAwMDAwMDAsInVwZGF0ZSI6MTIwMDAwMDAwMDAwMH19"
        }
      ]
    },
    {
      "mode": "managed",
      "type": "google_sql_database",
      "name": "tf_app_db",
      "provider": "provider[\"registry.terraform.io/hashicorp/google\"]",
      "instances": [
        {
          "schema_version": 0,
          "attributes": {
            "charset": "UTF8",
            "collation": "",
            "deletion_policy": "DELETE",
            "id": "projects/tf-local-project/instances/tf-postgres-instance/databases/tf_app_db",
            "instance": "tf-postgres-instance",
            "name": "tf_app_db",
            "project": "tf-local-project",
            "self_link": "projects/tf-local-project/instances/tf-postgres-instance/databases/tf_app_db",
            "timeouts": null
          },
          "sensitive_attributes": [],
          "identity_schema_version": 1,
          "identity": {
            "instance": "tf-postgres-instance",
            "name": "tf_app_db",
            "project": "tf-local-project"
          },
          "private": "eyJlMmJmYjczMC1lY2FhLTExZTYtOGY4OC0zNDM2M2JjN2M0YzAiOnsiY3JlYXRlIjoxMjAwMDAwMDAwMDAwLCJkZWxldGUiOjEyMDAwMDAwMDAwMDAsInVwZGF0ZSI6MTIwMDAwMDAwMDAwMH19",
          "dependencies": [
            "google_sql_database_instance.tf_postgres"
          ]
        }
      ]
    },
    {
      "mode": "managed",
      "type": "google_sql_database_instance",
      "name": "tf_postgres",
      "provider": "provider[\"registry.terraform.io/hashicorp/google\"]",
      "instances": [
        {
          "schema_version": 0,
          "attributes": {
            "available_maintenance_versions": [],
            "backupdr_backup": null,
            "clone": [],
            "connection_name": "tf-local-project:us-west1:tf-postgres-instance",
            "database_version": "POSTGRES_15",
            "deletion_policy": "DELETE",
            "deletion_protection": false,
            "dns_name": "",
            "dns_names": [],
            "encryption_key_name": null,
            "final_backup_description": null,
            "first_ip_address": null,
            "id": "tf-postgres-instance",
            "instance_type": "",
            "ip_address": [],
            "maintenance_version": "",
            "master_instance_name": "",
            "name": "tf-postgres-instance",
            "node_count": 0,
            "point_in_time_restore_context": [],
            "private_ip_address": "",
            "project": "tf-local-project",
            "psc_service_attachment_link": "",
            "public_ip_address": "",
            "region": "us-west1",
            "replica_configuration": [],
            "replica_names": [],
            "replication_cluster": [
              {
                "dr_replica": false,
                "failover_dr_replica_name": "",
                "psa_write_endpoint": ""
              }
            ],
            "restore_backup_context": [],
            "root_password": null,
            "root_password_wo": null,
            "root_password_wo_version": null,
            "self_link": "projects/tf-local-project/instances/tf-postgres-instance",
            "server_ca_cert": [],
            "service_account_email_address": "",
            "settings": [
              {
                "activation_policy": "ALWAYS",
                "active_directory_config": [],
                "advanced_machine_features": [],
                "auto_upgrade_enabled": false,
                "availability_type": "",
                "backup_configuration": [],
                "collation": "",
                "connection_pool_config": [],
                "connector_enforcement": "",
                "data_api_access": "",
                "data_cache_config": [
                  {
                    "data_cache_enabled": false
                  }
                ],
                "data_disk_provisioned_iops": 0,
                "data_disk_provisioned_throughput": 0,
                "database_flags": [],
                "deletion_protection_enabled": false,
                "deny_maintenance_period": [],
                "disk_autoresize": false,
                "disk_autoresize_limit": 0,
                "disk_size": 10,
                "disk_type": "PD_SSD",
                "edition": "ENTERPRISE",
                "effective_availability_type": "",
                "enable_dataplex_integration": false,
                "enable_google_ml_integration": false,
                "entraid_config": [],
                "final_backup_config": [],
                "insights_config": [],
                "ip_configuration": [],
                "location_preference": [],
                "maintenance_window": [],
                "password_validation_policy": [],
                "pricing_plan": "",
                "read_pool_auto_scale_config": [
                  {
                    "disable_scale_in": false,
                    "enabled": false,
                    "max_node_count": 0,
                    "min_node_count": 0,
                    "scale_in_cooldown_seconds": 0,
                    "scale_out_cooldown_seconds": 0,
                    "target_metrics": []
                  }
                ],
                "retain_backups_on_delete": false,
                "sql_server_audit_config": [],
                "tier": "db-custom-1-3840",
                "time_zone": "",
                "user_labels": {},
                "version": 0
              }
            ],
            "timeouts": null
          },
          "sensitive_attributes": [
            [
              {
                "type": "get_attr",
                "value": "root_password"
              }
            ],
            [
              {
                "type": "get_attr",
                "value": "server_ca_cert"
              }
            ]
          ],
          "identity_schema_version": 0,
          "private": "eyJlMmJmYjczMC1lY2FhLTExZTYtOGY4OC0zNDM2M2JjN2M0YzAiOnsiY3JlYXRlIjo1NDAwMDAwMDAwMDAwLCJkZWxldGUiOjU0MDAwMDAwMDAwMDAsInVwZGF0ZSI6NTQwMDAwMDAwMDAwMH19"
        }
      ]
    },
    {
      "mode": "managed",
      "type": "google_sql_user",
      "name": "app_user",
      "provider": "provider[\"registry.terraform.io/hashicorp/google\"]",
      "instances": [
        {
          "schema_version": 1,
          "attributes": {
            "database_roles": null,
            "deletion_policy": "DELETE",
            "host": "%",
            "iam_email": "",
            "id": "app_user/%/tf-postgres-instance",
            "instance": "tf-postgres-instance",
            "name": "app_user",
            "password": "dev-password",
            "password_policy": [],
            "password_wo": null,
            "password_wo_version": null,
            "project": "tf-local-project",
            "sql_server_user_details": [],
            "timeouts": null,
            "type": ""
          },
          "sensitive_attributes": [
            [
              {
                "type": "get_attr",
                "value": "password"
              }
            ]
          ],
          "identity_schema_version": 0,
          "private": "eyJlMmJmYjczMC1lY2FhLTExZTYtOGY4OC0zNDM2M2JjN2M0YzAiOnsiY3JlYXRlIjo2MDAwMDAwMDAwMDAsImRlbGV0ZSI6NjAwMDAwMDAwMDAwLCJ1cGRhdGUiOjYwMDAwMDAwMDAwMH0sInNjaGVtYV92ZXJzaW9uIjoiMSJ9",
          "dependencies": [
            "google_sql_database_instance.tf_postgres"
          ]
        }
      ]
    },
    {
      "mode": "managed",
      "type": "google_storage_bucket",
      "name": "artifacts",
      "provider": "provider[\"registry.terraform.io/hashicorp/google\"]",
      "instances": [
        {
          "schema_version": 4,
          "attributes": {
            "autoclass": [],
            "cors": [],
            "custom_placement_config": [],
            "default_event_based_hold": false,
            "deletion_policy": "DELETE",
            "effective_labels": {},
            "enable_object_retention": false,
            "encryption": [],
            "force_destroy": true,
            "hierarchical_namespace": [
              {
                "enabled": false
              }
            ],
            "id": "tf-build-artifacts",
            "ip_filter": [],
            "labels": null,
            "lifecycle_rule": [],
            "location": "US-CENTRAL1",
            "logging": [],
            "name": "tf-build-artifacts",
            "project": "tf-local-project",
            "project_number": 0,
            "public_access_prevention": null,
            "requester_pays": false,
            "retention_policy": [],
            "rpo": null,
            "self_link": "http://0.0.0.0:4443/storage/v1/b/tf-build-artifacts",
            "soft_delete_policy": [],
            "storage_class": "STANDARD",
            "terraform_labels": {},
            "time_created": "2026-05-31T03:33:10.690409Z",
            "timeouts": null,
            "uniform_bucket_level_access": false,
            "updated": "2026-05-31T03:33:10.690409Z",
            "url": "gs://tf-build-artifacts",
            "versioning": [
              {
                "enabled": false
              }
            ],
            "website": []
          },
          "sensitive_attributes": [],
          "identity_schema_version": 1,
          "identity": {
            "name": "tf-build-artifacts",
            "project": "tf-local-project"
          },
          "private": "eyJlMmJmYjczMC1lY2FhLTExZTYtOGY4OC0zNDM2M2JjN2M0YzAiOnsiY3JlYXRlIjo2MDAwMDAwMDAwMDAsInJlYWQiOjI0MDAwMDAwMDAwMCwidXBkYXRlIjoyNDAwMDAwMDAwMDB9LCJzY2hlbWFfdmVyc2lvbiI6IjQifQ=="
        }
      ]
    },
    {
      "mode": "managed",
      "type": "google_storage_bucket",
      "name": "data_lake",
      "provider": "provider[\"registry.terraform.io/hashicorp/google\"]",
      "instances": [
        {
          "schema_version": 4,
          "attributes": {
            "autoclass": [],
            "cors": [],
            "custom_placement_config": [],
            "default_event_based_hold": false,
            "deletion_policy": "DELETE",
            "effective_labels": {},
            "enable_object_retention": false,
            "encryption": [],
            "force_destroy": true,
            "hierarchical_namespace": [
              {
                "enabled": false
              }
            ],
            "id": "tf-data-lake",
            "ip_filter": [],
            "labels": {},
            "lifecycle_rule": [],
            "location": "US-CENTRAL1",
            "logging": [],
            "name": "tf-data-lake",
            "project": "tf-local-project",
            "project_number": 0,
            "public_access_prevention": null,
            "requester_pays": false,
            "retention_policy": [],
            "rpo": null,
            "self_link": "http://0.0.0.0:4443/storage/v1/b/tf-data-lake",
            "soft_delete_policy": [],
            "storage_class": "STANDARD",
            "terraform_labels": {},
            "time_created": "2026-05-31T03:33:09.964401Z",
            "timeouts": null,
            "uniform_bucket_level_access": false,
            "updated": "2026-05-31T03:33:09.964401Z",
            "url": "gs://tf-data-lake",
            "versioning": [
              {
                "enabled": false
              }
            ],
            "website": []
          },
          "sensitive_attributes": [],
          "identity_schema_version": 1,
          "identity": {
            "name": "tf-data-lake",
            "project": "tf-local-project"
          },
          "private": "eyJlMmJmYjczMC1lY2FhLTExZTYtOGY4OC0zNDM2M2JjN2M0YzAiOnsiY3JlYXRlIjo2MDAwMDAwMDAwMDAsInJlYWQiOjI0MDAwMDAwMDAwMCwidXBkYXRlIjoyNDAwMDAwMDAwMDB9LCJzY2hlbWFfdmVyc2lvbiI6IjQifQ=="
        }
      ]
    },
    {
      "mode": "managed",
      "type": "google_workflows_workflow",
      "name": "tf_data_pipeline",
      "provider": "provider[\"registry.terraform.io/hashicorp/google\"]",
      "instances": [
        {
          "schema_version": 1,
          "attributes": {
            "call_log_level": "CALL_LOG_LEVEL_UNSPECIFIED",
            "create_time": "2026-05-31 03:33:21.007337",
            "crypto_key_name": "",
            "deletion_policy": "DELETE",
            "deletion_protection": false,
            "description": "Terraform-managed data pipeline workflow",
            "effective_labels": {
              "goog-terraform-provisioned": "true",
              "managed_by": "terraform"
            },
            "execution_history_level": "EXECUTION_HISTORY_LEVEL_UNSPECIFIED",
            "id": "projects/tf-local-project/locations/us-west1/workflows/tf-data-pipeline",
            "labels": {
              "managed_by": "terraform"
            },
            "name": "tf-data-pipeline",
            "name_prefix": null,
            "project": "tf-local-project",
            "region": "us-west1",
            "revision_id": "1",
            "service_account": "tf-service@local-project.iam.gserviceaccount.com",
            "source_contents": "main:\n  steps:\n    - init:\n        assign:\n          - start_time: ${sys.now()}\n    - log_start:\n        call: sys.log\n        args:\n          text: \"Data pipeline started at ${start_time}\"\n    - fetch_data:\n        call: http.get\n        args:\n          url: https://example.com/api/data\n        result: response\n    - process:\n        assign:\n          - status: \"completed\"\n    - log_end:\n        call: sys.log\n        args:\n          text: \"Data pipeline completed with status: ${status}\"\n",
            "state": "ACTIVE",
            "tags": null,
            "terraform_labels": {
              "goog-terraform-provisioned": "true",
              "managed_by": "terraform"
            },
            "timeouts": null,
            "update_time": "2026-05-31 03:33:21.007337",
            "user_env_vars": null
          },
          "sensitive_attributes": [],
          "identity_schema_version": 1,
          "identity": {
            "name": "tf-data-pipeline",
            "project": "tf-local-project",
            "region": "us-west1"
          },
          "private": "eyJlMmJmYjczMC1lY2FhLTExZTYtOGY4OC0zNDM2M2JjN2M0YzAiOnsiY3JlYXRlIjoxMjAwMDAwMDAwMDAwLCJkZWxldGUiOjEyMDAwMDAwMDAwMDAsInVwZGF0ZSI6MTIwMDAwMDAwMDAwMH0sInNjaGVtYV92ZXJzaW9uIjoiMSJ9"
        }
      ]
    }
  ],
  "check_results": null
}
