{
  "version": 4,
  "terraform_version": "1.15.5",
  "serial": 46,
  "lineage": "7d927ae5-9714-b950-df30-90805c9abdc7",
  "outputs": {
    "alloydb_clusters": {
      "value": [
        "tf-alloydb-cluster"
      ],
      "type": [
        "tuple",
        [
          "string"
        ]
      ]
    },
    "bigtable_instances": {
      "value": [
        "tf-bigtable"
      ],
      "type": [
        "tuple",
        [
          "string"
        ]
      ]
    },
    "dataproc_clusters": {
      "value": [
        "tf-dataproc-cluster"
      ],
      "type": [
        "tuple",
        [
          "string"
        ]
      ]
    },
    "sql_instances": {
      "value": [
        "tf-postgres-instance"
      ],
      "type": [
        "tuple",
        [
          "string"
        ]
      ]
    }
  },
  "resources": [
    {
      "mode": "managed",
      "type": "google_bigtable_instance",
      "name": "tf_btable",
      "provider": "provider[\"registry.terraform.io/hashicorp/google\"]",
      "instances": [
        {
          "schema_version": 1,
          "attributes": {
            "cluster": [
              {
                "autoscaling_config": [],
                "cluster_id": "tf-btable-cluster",
                "kms_key_name": "",
                "node_scaling_factor": "NodeScalingFactor1X",
                "num_nodes": 1,
                "state": "READY",
                "storage_type": "SSD",
                "zone": "us-west1-a"
              }
            ],
            "deletion_protection": false,
            "display_name": "tf-bigtable",
            "effective_labels": {
              "goog-terraform-provisioned": "true",
              "managed_by": "terraform"
            },
            "force_destroy": false,
            "id": "projects/tf-local-project/instances/tf-bigtable",
            "instance_type": "PRODUCTION",
            "labels": {
              "managed_by": "terraform"
            },
            "name": "tf-bigtable",
            "project": "tf-local-project",
            "terraform_labels": {
              "goog-terraform-provisioned": "true",
              "managed_by": "terraform"
            },
            "timeouts": null
          },
          "sensitive_attributes": [],
          "identity_schema_version": 0,
          "private": "eyJlMmJmYjczMC1lY2FhLTExZTYtOGY4OC0zNDM2M2JjN2M0YzAiOnsiY3JlYXRlIjozNjAwMDAwMDAwMDAwLCJyZWFkIjozNjAwMDAwMDAwMDAwLCJ1cGRhdGUiOjM2MDAwMDAwMDAwMDB9LCJzY2hlbWFfdmVyc2lvbiI6IjEifQ=="
        }
      ]
    },
    {
      "mode": "managed",
      "type": "google_bigtable_table",
      "name": "events",
      "provider": "provider[\"registry.terraform.io/hashicorp/google\"]",
      "instances": [
        {
          "schema_version": 0,
          "attributes": {
            "automated_backup_policy": [],
            "change_stream_retention": null,
            "column_family": [],
            "deletion_protection": "UNPROTECTED",
            "id": "projects/tf-local-project/instances/tf-bigtable/tables/events",
            "instance_name": "tf-bigtable",
            "name": "events",
            "project": "tf-local-project",
            "row_key_schema": "",
            "split_keys": null,
            "timeouts": null
          },
          "sensitive_attributes": [],
          "identity_schema_version": 0,
          "private": "eyJlMmJmYjczMC1lY2FhLTExZTYtOGY4OC0zNDM2M2JjN2M0YzAiOnsiY3JlYXRlIjoyNzAwMDAwMDAwMDAwLCJ1cGRhdGUiOjEyMDAwMDAwMDAwMDB9fQ==",
          "dependencies": [
            "google_bigtable_instance.tf_btable"
          ]
        }
      ]
    },
    {
      "mode": "managed",
      "type": "google_bigtable_table",
      "name": "user_sessions",
      "provider": "provider[\"registry.terraform.io/hashicorp/google\"]",
      "instances": [
        {
          "schema_version": 0,
          "attributes": {
            "automated_backup_policy": [],
            "change_stream_retention": null,
            "column_family": [],
            "deletion_protection": "UNPROTECTED",
            "id": "projects/tf-local-project/instances/tf-bigtable/tables/user_sessions",
            "instance_name": "tf-bigtable",
            "name": "user_sessions",
            "project": "tf-local-project",
            "row_key_schema": "",
            "split_keys": null,
            "timeouts": null
          },
          "sensitive_attributes": [],
          "identity_schema_version": 0,
          "private": "eyJlMmJmYjczMC1lY2FhLTExZTYtOGY4OC0zNDM2M2JjN2M0YzAiOnsiY3JlYXRlIjoyNzAwMDAwMDAwMDAwLCJ1cGRhdGUiOjEyMDAwMDAwMDAwMDB9fQ==",
          "dependencies": [
            "google_bigtable_instance.tf_btable"
          ]
        }
      ]
    },
    {
      "mode": "managed",
      "type": "google_cloud_tasks_queue",
      "name": "email_queue",
      "provider": "provider[\"registry.terraform.io/hashicorp/google\"]",
      "instances": [
        {
          "schema_version": 0,
          "attributes": {
            "app_engine_routing_override": [],
            "http_target": [],
            "id": "projects/tf-local-project/locations/us-west1/queues/tf-email-queue",
            "location": "us-west1",
            "name": "tf-email-queue",
            "project": "tf-local-project",
            "rate_limits": [],
            "retry_config": [],
            "stackdriver_logging_config": [],
            "timeouts": null
          },
          "sensitive_attributes": [],
          "identity_schema_version": 0,
          "private": "eyJlMmJmYjczMC1lY2FhLTExZTYtOGY4OC0zNDM2M2JjN2M0YzAiOnsiY3JlYXRlIjoxMjAwMDAwMDAwMDAwLCJkZWxldGUiOjEyMDAwMDAwMDAwMDAsInVwZGF0ZSI6MTIwMDAwMDAwMDAwMH19"
        }
      ]
    },
    {
      "mode": "managed",
      "type": "google_cloud_tasks_queue",
      "name": "webhook_queue",
      "provider": "provider[\"registry.terraform.io/hashicorp/google\"]",
      "instances": [
        {
          "schema_version": 0,
          "attributes": {
            "app_engine_routing_override": [],
            "http_target": [],
            "id": "projects/tf-local-project/locations/us-west1/queues/tf-webhook-queue",
            "location": "us-west1",
            "name": "tf-webhook-queue",
            "project": "tf-local-project",
            "rate_limits": [],
            "retry_config": [],
            "stackdriver_logging_config": [],
            "timeouts": null
          },
          "sensitive_attributes": [],
          "identity_schema_version": 0,
          "private": "eyJlMmJmYjczMC1lY2FhLTExZTYtOGY4OC0zNDM2M2JjN2M0YzAiOnsiY3JlYXRlIjoxMjAwMDAwMDAwMDAwLCJkZWxldGUiOjEyMDAwMDAwMDAwMDAsInVwZGF0ZSI6MTIwMDAwMDAwMDAwMH19"
        }
      ]
    },
    {
      "mode": "managed",
      "type": "google_project",
      "name": "tf_project",
      "provider": "provider[\"registry.terraform.io/hashicorp/google\"]",
      "instances": [
        {
          "schema_version": 1,
          "attributes": {
            "auto_create_network": true,
            "billing_account": "localcloud-fake",
            "deletion_policy": "DELETE",
            "effective_labels": {
              "env": "dev",
              "goog-terraform-provisioned": "true",
              "managed_by": "terraform"
            },
            "folder_id": "",
            "id": "projects/tf-local-project",
            "labels": {
              "env": "dev",
              "managed_by": "terraform"
            },
            "name": "tf-local-project",
            "number": "1001911045476",
            "org_id": "0",
            "project_id": "tf-local-project",
            "tags": null,
            "terraform_labels": {
              "env": "dev",
              "goog-terraform-provisioned": "true",
              "managed_by": "terraform"
            },
            "timeouts": null
          },
          "sensitive_attributes": [],
          "identity_schema_version": 0,
          "private": "eyJlMmJmYjczMC1lY2FhLTExZTYtOGY4OC0zNDM2M2JjN2M0YzAiOnsiY3JlYXRlIjo2MDAwMDAwMDAwMDAsImRlbGV0ZSI6NjAwMDAwMDAwMDAwLCJyZWFkIjo2MDAwMDAwMDAwMDAsInVwZGF0ZSI6NjAwMDAwMDAwMDAwfSwic2NoZW1hX3ZlcnNpb24iOiIxIn0="
        }
      ]
    },
    {
      "mode": "managed",
      "type": "google_redis_instance",
      "name": "cache",
      "provider": "provider[\"registry.terraform.io/hashicorp/google\"]",
      "instances": [
        {
          "schema_version": 0,
          "attributes": {
            "alternative_location_id": "",
            "auth_enabled": false,
            "auth_string": "",
            "authorized_network": "",
            "connect_mode": "",
            "create_time": "",
            "current_location_id": "",
            "customer_managed_key": "",
            "display_name": "tf-cache",
            "effective_labels": {},
            "effective_reserved_ip_range": "",
            "host": "localhost",
            "id": "projects/tf-local-project/locations/us-west1/instances/tf-cache",
            "labels": {},
            "location_id": "",
            "maintenance_policy": [],
            "maintenance_schedule": [],
            "maintenance_version": "",
            "memory_size_gb": 1,
            "name": "tf-cache",
            "nodes": [],
            "persistence_config": [],
            "persistence_iam_identity": "",
            "port": 6379,
            "project": "tf-local-project",
            "read_endpoint": "",
            "read_endpoint_port": 0,
            "read_replicas_mode": "",
            "redis_configs": null,
            "redis_version": "REDIS_7_0",
            "region": "us-west1",
            "replica_count": 0,
            "reserved_ip_range": null,
            "secondary_ip_range": "",
            "server_ca_certs": [],
            "terraform_labels": {},
            "tier": "BASIC",
            "timeouts": null,
            "transit_encryption_mode": ""
          },
          "sensitive_attributes": [
            [
              {
                "type": "get_attr",
                "value": "auth_string"
              }
            ]
          ],
          "identity_schema_version": 0,
          "private": "eyJlMmJmYjczMC1lY2FhLTExZTYtOGY4OC0zNDM2M2JjN2M0YzAiOnsiY3JlYXRlIjoxMjAwMDAwMDAwMDAwLCJkZWxldGUiOjEyMDAwMDAwMDAwMDAsInVwZGF0ZSI6MTIwMDAwMDAwMDAwMH19"
        }
      ]
    },
    {
      "mode": "managed",
      "type": "google_secret_manager_secret",
      "name": "api_key",
      "provider": "provider[\"registry.terraform.io/hashicorp/google\"]",
      "instances": [
        {
          "schema_version": 0,
          "attributes": {
            "annotations": {},
            "create_time": "2026-05-30 02:16:58.36063",
            "deletion_protection": false,
            "effective_annotations": {},
            "effective_labels": {},
            "expire_time": "",
            "id": "projects/tf-local-project/secrets/tf-api-key",
            "labels": {},
            "name": "projects/tf-local-project/secrets/tf-api-key",
            "project": "tf-local-project",
            "replication": [
              {
                "auto": [
                  {
                    "customer_managed_encryption": []
                  }
                ],
                "user_managed": []
              }
            ],
            "rotation": [],
            "secret_id": "tf-api-key",
            "tags": null,
            "terraform_labels": {},
            "timeouts": null,
            "topics": [],
            "ttl": null,
            "version_aliases": {},
            "version_destroy_ttl": ""
          },
          "sensitive_attributes": [],
          "identity_schema_version": 0,
          "private": "eyJlMmJmYjczMC1lY2FhLTExZTYtOGY4OC0zNDM2M2JjN2M0YzAiOnsiY3JlYXRlIjoxMjAwMDAwMDAwMDAwLCJkZWxldGUiOjEyMDAwMDAwMDAwMDAsInVwZGF0ZSI6MTIwMDAwMDAwMDAwMH19"
        }
      ]
    },
    {
      "mode": "managed",
      "type": "google_secret_manager_secret",
      "name": "db_password",
      "provider": "provider[\"registry.terraform.io/hashicorp/google\"]",
      "instances": [
        {
          "schema_version": 0,
          "attributes": {
            "annotations": {},
            "create_time": "2026-05-30 02:16:59.300636",
            "deletion_protection": false,
            "effective_annotations": {},
            "effective_labels": {},
            "expire_time": "",
            "id": "projects/tf-local-project/secrets/tf-db-password",
            "labels": {},
            "name": "projects/tf-local-project/secrets/tf-db-password",
            "project": "tf-local-project",
            "replication": [
              {
                "auto": [
                  {
                    "customer_managed_encryption": []
                  }
                ],
                "user_managed": []
              }
            ],
            "rotation": [],
            "secret_id": "tf-db-password",
            "tags": null,
            "terraform_labels": {},
            "timeouts": null,
            "topics": [],
            "ttl": null,
            "version_aliases": {},
            "version_destroy_ttl": ""
          },
          "sensitive_attributes": [],
          "identity_schema_version": 0,
          "private": "eyJlMmJmYjczMC1lY2FhLTExZTYtOGY4OC0zNDM2M2JjN2M0YzAiOnsiY3JlYXRlIjoxMjAwMDAwMDAwMDAwLCJkZWxldGUiOjEyMDAwMDAwMDAwMDAsInVwZGF0ZSI6MTIwMDAwMDAwMDAwMH19"
        }
      ]
    },
    {
      "mode": "managed",
      "type": "google_secret_manager_secret_version",
      "name": "api_key_v1",
      "provider": "provider[\"registry.terraform.io/hashicorp/google\"]",
      "instances": [
        {
          "status": "tainted",
          "schema_version": 0,
          "attributes": {
            "create_time": null,
            "deletion_policy": "DELETE",
            "destroy_time": null,
            "enabled": true,
            "id": "projects/tf-local-project/secrets/tf-api-key/versions/1",
            "is_secret_data_base64": false,
            "name": "projects/tf-local-project/secrets/tf-api-key/versions/1",
            "secret": "projects/tf-local-project/secrets/tf-api-key",
            "secret_data": "sk-localcloud-dev-12345",
            "secret_data_wo": null,
            "secret_data_wo_version": 0,
            "timeouts": null,
            "version": null
          },
          "sensitive_attributes": [
            [
              {
                "type": "get_attr",
                "value": "secret_data"
              }
            ]
          ],
          "identity_schema_version": 0,
          "private": "eyJlMmJmYjczMC1lY2FhLTExZTYtOGY4OC0zNDM2M2JjN2M0YzAiOnsiY3JlYXRlIjoxMjAwMDAwMDAwMDAwLCJkZWxldGUiOjEyMDAwMDAwMDAwMDAsInVwZGF0ZSI6MTIwMDAwMDAwMDAwMH19",
          "dependencies": [
            "google_secret_manager_secret.api_key"
          ]
        }
      ]
    },
    {
      "mode": "managed",
      "type": "google_secret_manager_secret_version",
      "name": "db_password_v1",
      "provider": "provider[\"registry.terraform.io/hashicorp/google\"]",
      "instances": [
        {
          "status": "tainted",
          "schema_version": 0,
          "attributes": {
            "create_time": null,
            "deletion_policy": "DELETE",
            "destroy_time": null,
            "enabled": true,
            "id": "projects/tf-local-project/secrets/tf-db-password/versions/1",
            "is_secret_data_base64": false,
            "name": "projects/tf-local-project/secrets/tf-db-password/versions/1",
            "secret": "projects/tf-local-project/secrets/tf-db-password",
            "secret_data": "super-secret-db-password",
            "secret_data_wo": null,
            "secret_data_wo_version": 0,
            "timeouts": null,
            "version": null
          },
          "sensitive_attributes": [
            [
              {
                "type": "get_attr",
                "value": "secret_data"
              }
            ]
          ],
          "identity_schema_version": 0,
          "private": "eyJlMmJmYjczMC1lY2FhLTExZTYtOGY4OC0zNDM2M2JjN2M0YzAiOnsiY3JlYXRlIjoxMjAwMDAwMDAwMDAwLCJkZWxldGUiOjEyMDAwMDAwMDAwMDAsInVwZGF0ZSI6MTIwMDAwMDAwMDAwMH19",
          "dependencies": [
            "google_secret_manager_secret.db_password"
          ]
        }
      ]
    },
    {
      "mode": "managed",
      "type": "google_spanner_database",
      "name": "tf_app_db",
      "provider": "provider[\"registry.terraform.io/hashicorp/google\"]",
      "instances": [
        {
          "schema_version": 0,
          "attributes": {
            "database_dialect": "GOOGLE_STANDARD_SQL",
            "ddl": null,
            "default_time_zone": null,
            "deletion_protection": true,
            "enable_drop_protection": false,
            "encryption_config": [],
            "id": "tf-spanner-instance/tf-app-db",
            "instance": "tf-spanner-instance",
            "name": "tf-app-db",
            "project": "tf-local-project",
            "state": "READY",
            "timeouts": null,
            "version_retention_period": ""
          },
          "sensitive_attributes": [],
          "identity_schema_version": 0,
          "private": "eyJlMmJmYjczMC1lY2FhLTExZTYtOGY4OC0zNDM2M2JjN2M0YzAiOnsiY3JlYXRlIjoxMjAwMDAwMDAwMDAwLCJkZWxldGUiOjEyMDAwMDAwMDAwMDAsInVwZGF0ZSI6MTIwMDAwMDAwMDAwMH19",
          "dependencies": [
            "google_spanner_instance.tf_instance"
          ]
        }
      ]
    },
    {
      "mode": "managed",
      "type": "google_spanner_instance",
      "name": "tf_instance",
      "provider": "provider[\"registry.terraform.io/hashicorp/google\"]",
      "instances": [
        {
          "schema_version": 0,
          "attributes": {
            "autoscaling_config": [],
            "config": "projects/tf-local-project/instanceConfigs/regional-us-central1",
            "default_backup_schedule_type": "",
            "display_name": "Terraform Spanner Instance",
            "edition": "",
            "effective_labels": {
              "goog-terraform-provisioned": "true",
              "managed_by": "terraform"
            },
            "force_destroy": false,
            "id": "tf-local-project/tf-spanner-instance",
            "instance_type": "",
            "labels": {
              "managed_by": "terraform"
            },
            "name": "tf-spanner-instance",
            "num_nodes": 1,
            "processing_units": 1000,
            "project": "tf-local-project",
            "state": "READY",
            "terraform_labels": {
              "goog-terraform-provisioned": "true",
              "managed_by": "terraform"
            },
            "timeouts": null
          },
          "sensitive_attributes": [],
          "identity_schema_version": 0,
          "private": "eyJlMmJmYjczMC1lY2FhLTExZTYtOGY4OC0zNDM2M2JjN2M0YzAiOnsiY3JlYXRlIjoxMjAwMDAwMDAwMDAwLCJkZWxldGUiOjEyMDAwMDAwMDAwMDAsInVwZGF0ZSI6MTIwMDAwMDAwMDAwMH19"
        }
      ]
    },
    {
      "mode": "managed",
      "type": "google_sql_database_instance",
      "name": "tf_postgres",
      "provider": "provider[\"registry.terraform.io/hashicorp/google\"]",
      "instances": [
        {
          "schema_version": 0,
          "attributes": {
            "available_maintenance_versions": [],
            "clone": [],
            "connection_name": "tf-local-project:us-west1:tf-postgres-instance",
            "database_version": "POSTGRES_15",
            "deletion_protection": false,
            "dns_name": "",
            "dns_names": [],
            "encryption_key_name": null,
            "first_ip_address": null,
            "id": "tf-postgres-instance",
            "instance_type": "",
            "ip_address": [],
            "maintenance_version": "",
            "master_instance_name": "",
            "name": "tf-postgres-instance",
            "node_count": 0,
            "private_ip_address": "",
            "project": "tf-local-project",
            "psc_service_attachment_link": "",
            "public_ip_address": "",
            "region": "us-west1",
            "replica_configuration": [],
            "replica_names": [],
            "replication_cluster": [
              {
                "dr_replica": false,
                "failover_dr_replica_name": "",
                "psa_write_endpoint": ""
              }
            ],
            "restore_backup_context": [],
            "root_password": null,
            "self_link": "projects/tf-local-project/instances/tf-postgres-instance",
            "server_ca_cert": [],
            "service_account_email_address": "",
            "settings": [
              {
                "activation_policy": "ALWAYS",
                "active_directory_config": [],
                "advanced_machine_features": [],
                "availability_type": "",
                "backup_configuration": [],
                "collation": "",
                "connection_pool_config": [],
                "connector_enforcement": "",
                "data_cache_config": [
                  {
                    "data_cache_enabled": false
                  }
                ],
                "database_flags": [],
                "deletion_protection_enabled": false,
                "deny_maintenance_period": [],
                "disk_autoresize": false,
                "disk_autoresize_limit": 0,
                "disk_size": 0,
                "disk_type": "PD_SSD",
                "edition": "ENTERPRISE",
                "effective_availability_type": "",
                "enable_dataplex_integration": false,
                "enable_google_ml_integration": false,
                "insights_config": [],
                "ip_configuration": [],
                "location_preference": [],
                "maintenance_window": [],
                "password_validation_policy": [],
                "pricing_plan": "",
                "retain_backups_on_delete": false,
                "sql_server_audit_config": [],
                "tier": "db-custom-1-3840",
                "time_zone": "",
                "user_labels": {},
                "version": 0
              }
            ],
            "timeouts": null
          },
          "sensitive_attributes": [
            [
              {
                "type": "get_attr",
                "value": "root_password"
              }
            ],
            [
              {
                "type": "get_attr",
                "value": "server_ca_cert"
              }
            ]
          ],
          "identity_schema_version": 0,
          "private": "eyJlMmJmYjczMC1lY2FhLTExZTYtOGY4OC0zNDM2M2JjN2M0YzAiOnsiY3JlYXRlIjo1NDAwMDAwMDAwMDAwLCJkZWxldGUiOjU0MDAwMDAwMDAwMDAsInVwZGF0ZSI6NTQwMDAwMDAwMDAwMH19"
        }
      ]
    },
    {
      "mode": "managed",
      "type": "google_sql_user",
      "name": "app_user",
      "provider": "provider[\"registry.terraform.io/hashicorp/google\"]",
      "instances": [
        {
          "schema_version": 1,
          "attributes": {
            "deletion_policy": null,
            "host": "%",
            "id": "app_user/%/tf-postgres-instance",
            "instance": "tf-postgres-instance",
            "name": "app_user",
            "password": "dev-password",
            "password_policy": [],
            "password_wo": null,
            "password_wo_version": null,
            "project": "tf-local-project",
            "sql_server_user_details": [],
            "timeouts": null,
            "type": ""
          },
          "sensitive_attributes": [
            [
              {
                "type": "get_attr",
                "value": "password"
              }
            ]
          ],
          "identity_schema_version": 0,
          "private": "eyJlMmJmYjczMC1lY2FhLTExZTYtOGY4OC0zNDM2M2JjN2M0YzAiOnsiY3JlYXRlIjo2MDAwMDAwMDAwMDAsImRlbGV0ZSI6NjAwMDAwMDAwMDAwLCJ1cGRhdGUiOjYwMDAwMDAwMDAwMH0sInNjaGVtYV92ZXJzaW9uIjoiMSJ9",
          "dependencies": [
            "google_sql_database_instance.tf_postgres"
          ]
        }
      ]
    },
    {
      "mode": "managed",
      "type": "google_storage_bucket",
      "name": "artifacts",
      "provider": "provider[\"registry.terraform.io/hashicorp/google\"]",
      "instances": [
        {
          "schema_version": 3,
          "attributes": {
            "autoclass": [],
            "cors": [],
            "custom_placement_config": [],
            "default_event_based_hold": false,
            "effective_labels": {},
            "enable_object_retention": false,
            "encryption": [],
            "force_destroy": true,
            "hierarchical_namespace": [
              {
                "enabled": false
              }
            ],
            "id": "tf-build-artifacts",
            "ip_filter": [],
            "labels": null,
            "lifecycle_rule": [],
            "location": "US-CENTRAL1",
            "logging": [],
            "name": "tf-build-artifacts",
            "project": "tf-local-project",
            "project_number": 0,
            "public_access_prevention": null,
            "requester_pays": false,
            "retention_policy": [],
            "rpo": null,
            "self_link": "http://0.0.0.0:4443/storage/v1/b/tf-build-artifacts",
            "soft_delete_policy": [],
            "storage_class": "STANDARD",
            "terraform_labels": {},
            "time_created": "2026-05-30T02:17:13.149783Z",
            "timeouts": null,
            "uniform_bucket_level_access": false,
            "updated": "2026-05-30T02:17:13.149783Z",
            "url": "gs://tf-build-artifacts",
            "versioning": [
              {
                "enabled": false
              }
            ],
            "website": []
          },
          "sensitive_attributes": [],
          "identity_schema_version": 0,
          "private": "eyJlMmJmYjczMC1lY2FhLTExZTYtOGY4OC0zNDM2M2JjN2M0YzAiOnsiY3JlYXRlIjo2MDAwMDAwMDAwMDAsInJlYWQiOjI0MDAwMDAwMDAwMCwidXBkYXRlIjoyNDAwMDAwMDAwMDB9LCJzY2hlbWFfdmVyc2lvbiI6IjMifQ=="
        }
      ]
    },
    {
      "mode": "managed",
      "type": "google_storage_bucket",
      "name": "data_lake",
      "provider": "provider[\"registry.terraform.io/hashicorp/google\"]",
      "instances": [
        {
          "schema_version": 3,
          "attributes": {
            "autoclass": [],
            "cors": [],
            "custom_placement_config": [],
            "default_event_based_hold": false,
            "effective_labels": {},
            "enable_object_retention": false,
            "encryption": [],
            "force_destroy": true,
            "hierarchical_namespace": [
              {
                "enabled": false
              }
            ],
            "id": "tf-data-lake",
            "ip_filter": [],
            "labels": {},
            "lifecycle_rule": [],
            "location": "US-CENTRAL1",
            "logging": [],
            "name": "tf-data-lake",
            "project": "tf-local-project",
            "project_number": 0,
            "public_access_prevention": null,
            "requester_pays": false,
            "retention_policy": [],
            "rpo": null,
            "self_link": "http://0.0.0.0:4443/storage/v1/b/tf-data-lake",
            "soft_delete_policy": [],
            "storage_class": "STANDARD",
            "terraform_labels": {},
            "time_created": "2026-05-30T02:16:40.308695Z",
            "timeouts": null,
            "uniform_bucket_level_access": false,
            "updated": "2026-05-30T02:16:40.308695Z",
            "url": "gs://tf-data-lake",
            "versioning": [
              {
                "enabled": false
              }
            ],
            "website": []
          },
          "sensitive_attributes": [],
          "identity_schema_version": 0,
          "private": "eyJlMmJmYjczMC1lY2FhLTExZTYtOGY4OC0zNDM2M2JjN2M0YzAiOnsiY3JlYXRlIjo2MDAwMDAwMDAwMDAsInJlYWQiOjI0MDAwMDAwMDAwMCwidXBkYXRlIjoyNDAwMDAwMDAwMDB9LCJzY2hlbWFfdmVyc2lvbiI6IjMifQ=="
        }
      ]
    },
    {
      "mode": "managed",
      "type": "google_storage_bucket_object",
      "name": "readme",
      "provider": "provider[\"registry.terraform.io/hashicorp/google\"]",
      "instances": [
        {
          "schema_version": 0,
          "attributes": {
            "bucket": "tf-data-lake",
            "cache_control": "",
            "content": "# LocalCloud Data Lake\nCreated by Terraform.",
            "content_disposition": "",
            "content_encoding": "",
            "content_language": "",
            "content_type": "text/plain; charset=utf-8",
            "crc32c": "khzafA==",
            "customer_encryption": [],
            "deletion_policy": null,
            "detect_md5hash": "Zael3Fp9XTQM+ND14oB4cg==",
            "event_based_hold": false,
            "force_empty_content_type": null,
            "generation": 1780107400506953,
            "id": "tf-data-lake-README.md",
            "kms_key_name": "",
            "md5hash": "Zael3Fp9XTQM+ND14oB4cg==",
            "md5hexhash": "65a7a5dc5a7d5d340cf8d0f5e2807872",
            "media_link": "http://0.0.0.0:4443/download/storage/v1/b/tf-data-lake/o/README.md?alt=media",
            "metadata": null,
            "name": "README.md",
            "output_name": "README.md",
            "retention": [],
            "self_link": "http://0.0.0.0:4443/storage/v1/b/tf-data-lake/o/README.md",
            "source": null,
            "source_md5hash": "",
            "storage_class": "STANDARD",
            "temporary_hold": false,
            "timeouts": null
          },
          "sensitive_attributes": [
            [
              {
                "type": "get_attr",
                "value": "content"
              }
            ]
          ],
          "identity_schema_version": 0,
          "private": "eyJlMmJmYjczMC1lY2FhLTExZTYtOGY4OC0zNDM2M2JjN2M0YzAiOnsiY3JlYXRlIjoyNDAwMDAwMDAwMDAsImRlbGV0ZSI6MjQwMDAwMDAwMDAwLCJ1cGRhdGUiOjI0MDAwMDAwMDAwMH19",
          "dependencies": [
            "google_storage_bucket.data_lake"
          ]
        }
      ]
    }
  ],
  "check_results": null
}
